
Microsoft Visual Studio Solution File, Format Version 12.00
# Visual Studio 15
VisualStudioVersion = 15.0.28010.2050
MinimumVisualStudioVersion = 10.0.40219.1
Project("{FAE04EC0-301F-11D3-BF4B-00C04F79EFBC}") = "Exo1", "Exo1\Exo1.csproj", "{B8A5F5A0-2E4C-489C-942B-6791F59FCDFD}"
EndProject
Project("{FAE04EC0-301F-11D3-BF4B-00C04F79EFBC}") = "Exo2", "Exo2\Exo2.csproj", "{02F99EA0-7E10-494F-8008-035EAD04776F}"
EndProject
Project("{FAE04EC0-301F-11D3-BF4B-00C04F79EFBC}") = "Exo3", "Exo3\Exo3.csproj", "{70F93ABD-A03F-416B-BDBB-A700A88D066F}"
EndProject
Project("{FAE04EC0-301F-11D3-BF4B-00C04F79EFBC}") = "Exo4", "Exo4\Exo4.csproj", "{5B370D20-0750-49AF-A1BD-14BF0278DAC0}"
EndProject
Project("{FAE04EC0-301F-11D3-BF4B-00C04F79EFBC}") = "Exo5", "Exo5\Exo5.csproj", "{160BF8E9-9471-4A07-98F7-97A518F80DCD}"
EndProject
Project("{FAE04EC0-301F-11D3-BF4B-00C04F79EFBC}") = "Exo6", "Exo6\Exo6.csproj", "{D6FA713E-202D-4C2E-9624-CFB8DD78ED2B}"
EndProject
Global
	GlobalSection(SolutionConfigurationPlatforms) = preSolution
		Debug|Any CPU = Debug|Any CPU
		Release|Any CPU = Release|Any CPU
	EndGlobalSection
	GlobalSection(ProjectConfigurationPlatforms) = postSolution
		{B8A5F5A0-2E4C-489C-942B-6791F59FCDFD}.Debug|Any CPU.ActiveCfg = Debug|Any CPU
		{B8A5F5A0-2E4C-489C-942B-6791F59FCDFD}.Debug|Any CPU.Build.0 = Debug|Any CPU
		{B8A5F5A0-2E4C-489C-942B-6791F59FCDFD}.Release|Any CPU.ActiveCfg = Release|Any CPU
		{B8A5F5A0-2E4C-489C-942B-6791F59FCDFD}.Release|Any CPU.Build.0 = Release|Any CPU
		{02F99EA0-7E10-494F-8008-035EAD04776F}.Debug|Any CPU.ActiveCfg = Debug|Any CPU
		{02F99EA0-7E10-494F-8008-035EAD04776F}.Debug|Any CPU.Build.0 = Debug|Any CPU
		{02F99EA0-7E10-494F-8008-035EAD04776F}.Release|Any CPU.ActiveCfg = Release|Any CPU
		{02F99EA0-7E10-494F-8008-035EAD04776F}.Release|Any CPU.Build.0 = Release|Any CPU
		{70F93ABD-A03F-416B-BDBB-A700A88D066F}.Debug|Any CPU.ActiveCfg = Debug|Any CPU
		{70F93ABD-A03F-416B-BDBB-A700A88D066F}.Debug|Any CPU.Build.0 = Debug|Any CPU
		{70F93ABD-A03F-416B-BDBB-A700A88D066F}.Release|Any CPU.ActiveCfg = Release|Any CPU
		{70F93ABD-A03F-416B-BDBB-A700A88D066F}.Release|Any CPU.Build.0 = Release|Any CPU
		{5B370D20-0750-49AF-A1BD-14BF0278DAC0}.Debug|Any CPU.ActiveCfg = Debug|Any CPU
		{5B370D20-0750-49AF-A1BD-14BF0278DAC0}.Debug|Any CPU.Build.0 = Debug|Any CPU
		{5B370D20-0750-49AF-A1BD-14BF0278DAC0}.Release|Any CPU.ActiveCfg = Release|Any CPU
		{5B370D20-0750-49AF-A1BD-14BF0278DAC0}.Release|Any CPU.Build.0 = Release|Any CPU
		{160BF8E9-9471-4A07-98F7-97A518F80DCD}.Debug|Any CPU.ActiveCfg = Debug|Any CPU
		{160BF8E9-9471-4A07-98F7-97A518F80DCD}.Debug|Any CPU.Build.0 = Debug|Any CPU
		{160BF8E9-9471-4A07-98F7-97A518F80DCD}.Release|Any CPU.ActiveCfg = Release|Any CPU
		{160BF8E9-9471-4A07-98F7-97A518F80DCD}.Release|Any CPU.Build.0 = Release|Any CPU
		{D6FA713E-202D-4C2E-9624-CFB8DD78ED2B}.Debug|Any CPU.ActiveCfg = Debug|Any CPU
		{D6FA713E-202D-4C2E-9624-CFB8DD78ED2B}.Debug|Any CPU.Build.0 = Debug|Any CPU
		{D6FA713E-202D-4C2E-9624-CFB8DD78ED2B}.Release|Any CPU.ActiveCfg = Release|Any CPU
		{D6FA713E-202D-4C2E-9624-CFB8DD78ED2B}.Release|Any CPU.Build.0 = Release|Any CPU
	EndGlobalSection
	GlobalSection(SolutionProperties) = preSolution
		HideSolutionNode = FALSE
	EndGlobalSection
	GlobalSection(ExtensibilityGlobals) = postSolution
		SolutionGuid = {9ACC2ACE-9766-4545-B09A-0857E906D065}
	EndGlobalSection
EndGlobal
